{
  "name": "delta_kids_project",
  "lockfileVersion": 1,
  "dependencies": {
    "jquery": {
      "version": "3.2.1",
      "resolved": "https://registry.npmjs.org/jquery/-/jquery-3.2.1.tgz",
      "integrity": "sha1-XE2d5lKvbNCncBVKYxu6ErAVx4c="
    },
    "timepicker": {
      "version": "1.11.12",
      "resolved": "https://registry.npmjs.org/timepicker/-/timepicker-1.11.12.tgz",
      "integrity": "sha1-d2oY8t+xxy/pkwWKcDxRAyE/ZQA="
    }
  }
}
